
Microsoft Visual Studio Solution File, Format Version 12.00
# Visual Studio Version 17
VisualStudioVersion = 17.6.33829.357
MinimumVisualStudioVersion = 10.0.40219.1
Project("{FAE04EC0-301F-11D3-BF4B-00C04F79EFBC}") = "mini_uber", "ConsoleApp1\mini_uber.csproj", "{21A8E987-3256-4A28-95BE-427BE56DF9E5}"
EndProject
Global
	GlobalSection(SolutionConfigurationPlatforms) = preSolution
		Debug|Any CPU = Debug|Any CPU
		Release|Any CPU = Release|Any CPU
	EndGlobalSection
	GlobalSection(ProjectConfigurationPlatforms) = postSolution
		{21A8E987-3256-4A28-95BE-427BE56DF9E5}.Debug|Any CPU.ActiveCfg = Debug|Any CPU
		{21A8E987-3256-4A28-95BE-427BE56DF9E5}.Debug|Any CPU.Build.0 = Debug|Any CPU
		{21A8E987-3256-4A28-95BE-427BE56DF9E5}.Release|Any CPU.ActiveCfg = Release|Any CPU
		{21A8E987-3256-4A28-95BE-427BE56DF9E5}.Release|Any CPU.Build.0 = Release|Any CPU
	EndGlobalSection
	GlobalSection(SolutionProperties) = preSolution
		HideSolutionNode = FALSE
	EndGlobalSection
	GlobalSection(ExtensibilityGlobals) = postSolution
		SolutionGuid = {8A3CACBD-CBD7-482E-9D47-1F9ADB24D530}
	EndGlobalSection
EndGlobal
